// !$*UTF8*$!
{
	archiveVersion = 1;
	classes = {
	};
	objectVersion = 46;
	objects = {

/* Begin PBXBuildFile section */
		7AEA918B26A1F13F8033C5A4 /* libPods-KanZH.a in Frameworks */ = {isa = PBXBuildFile; fileRef = B11AE24776D429EAF3CB42C0 /* libPods-KanZH.a */; };
		B52DF7471CE6F86F00C8EFAD /* NewsAnswerViewController.m in Sources */ = {isa = PBXBuildFile; fileRef = B52DF7461CE6F86F00C8EFAD /* NewsAnswerViewController.m */; };
		B52DF74A1CE7042D00C8EFAD /* SideViewController.m in Sources */ = {isa = PBXBuildFile; fileRef = B52DF7491CE7042D00C8EFAD /* SideViewController.m */; };
		B52DF74F1CE7114C00C8EFAD /* TopUserViewController.m in Sources */ = {isa = PBXBuildFile; fileRef = B52DF74E1CE7114C00C8EFAD /* TopUserViewController.m */; };
		B52DF7531CE7117D00C8EFAD /* AboutViewController.m in Sources */ = {isa = PBXBuildFile; fileRef = B52DF7521CE7117D00C8EFAD /* AboutViewController.m */; };
		B52DF7561CE729F900C8EFAD /* AboutItemViewController.m in Sources */ = {isa = PBXBuildFile; fileRef = B52DF7551CE729F900C8EFAD /* AboutItemViewController.m */; };
		B52DF7661CE741B600C8EFAD /* UserCell.m in Sources */ = {isa = PBXBuildFile; fileRef = B52DF7581CE741B600C8EFAD /* UserCell.m */; };
		B52DF7671CE741B600C8EFAD /* UserCell.xib in Resources */ = {isa = PBXBuildFile; fileRef = B52DF7591CE741B600C8EFAD /* UserCell.xib */; };
		B52DF7681CE741B600C8EFAD /* UserDetail.m in Sources */ = {isa = PBXBuildFile; fileRef = B52DF75B1CE741B600C8EFAD /* UserDetail.m */; };
		B52DF7691CE741B600C8EFAD /* UserDetailCell.m in Sources */ = {isa = PBXBuildFile; fileRef = B52DF75D1CE741B600C8EFAD /* UserDetailCell.m */; };
		B52DF76A1CE741B600C8EFAD /* UserDetailCell.xib in Resources */ = {isa = PBXBuildFile; fileRef = B52DF75E1CE741B600C8EFAD /* UserDetailCell.xib */; };
		B52DF76B1CE741B600C8EFAD /* UserModel.m in Sources */ = {isa = PBXBuildFile; fileRef = B52DF7601CE741B600C8EFAD /* UserModel.m */; };
		B52DF76C1CE741B600C8EFAD /* UserSrch.m in Sources */ = {isa = PBXBuildFile; fileRef = B52DF7621CE741B600C8EFAD /* UserSrch.m */; };
		B52DF76D1CE741B600C8EFAD /* UserSrchCell.m in Sources */ = {isa = PBXBuildFile; fileRef = B52DF7641CE741B600C8EFAD /* UserSrchCell.m */; };
		B52DF76E1CE741B600C8EFAD /* UserSrchCell.xib in Resources */ = {isa = PBXBuildFile; fileRef = B52DF7651CE741B600C8EFAD /* UserSrchCell.xib */; };
		B52DF7781CE7443200C8EFAD /* Polor7View.m in Sources */ = {isa = PBXBuildFile; fileRef = B52DF7701CE7443200C8EFAD /* Polor7View.m */; };
		B52DF7791CE7443200C8EFAD /* TopAnswer.m in Sources */ = {isa = PBXBuildFile; fileRef = B52DF7721CE7443200C8EFAD /* TopAnswer.m */; };
		B52DF77A1CE7443200C8EFAD /* TopAnswerCell.m in Sources */ = {isa = PBXBuildFile; fileRef = B52DF7741CE7443200C8EFAD /* TopAnswerCell.m */; };
		B52DF77B1CE7443200C8EFAD /* TopAnswerCell.xib in Resources */ = {isa = PBXBuildFile; fileRef = B52DF7751CE7443200C8EFAD /* TopAnswerCell.xib */; };
		B52DF77C1CE7443200C8EFAD /* TrendView.m in Sources */ = {isa = PBXBuildFile; fileRef = B52DF7771CE7443200C8EFAD /* TrendView.m */; };
		B53AFAF11CE40D4A00BA6E7E /* NewsCell.m in Sources */ = {isa = PBXBuildFile; fileRef = B53AFAED1CE40D4A00BA6E7E /* NewsCell.m */; };
		B53AFAF21CE40D4A00BA6E7E /* NewsCell.xib in Resources */ = {isa = PBXBuildFile; fileRef = B53AFAEE1CE40D4A00BA6E7E /* NewsCell.xib */; };
		B53AFAF31CE40D4A00BA6E7E /* NewsModel.m in Sources */ = {isa = PBXBuildFile; fileRef = B53AFAF01CE40D4A00BA6E7E /* NewsModel.m */; };
		B53AFAF61CE4160300BA6E7E /* NewsViewController.m in Sources */ = {isa = PBXBuildFile; fileRef = B53AFAF51CE4160300BA6E7E /* NewsViewController.m */; };
		B53BEEEA1CE15C8000E4E1BA /* main.m in Sources */ = {isa = PBXBuildFile; fileRef = B53BEEE91CE15C8000E4E1BA /* main.m */; };
		B53BEEED1CE15C8000E4E1BA /* AppDelegate.m in Sources */ = {isa = PBXBuildFile; fileRef = B53BEEEC1CE15C8000E4E1BA /* AppDelegate.m */; };
		B53BEEF51CE15C8000E4E1BA /* Assets.xcassets in Resources */ = {isa = PBXBuildFile; fileRef = B53BEEF41CE15C8000E4E1BA /* Assets.xcassets */; };
		B53BEEF81CE15C8000E4E1BA /* LaunchScreen.storyboard in Resources */ = {isa = PBXBuildFile; fileRef = B53BEEF61CE15C8000E4E1BA /* LaunchScreen.storyboard */; };
		B56FBA5C1CE9C2B00024CB92 /* UserViewController.m in Sources */ = {isa = PBXBuildFile; fileRef = B56FBA5B1CE9C2B00024CB92 /* UserViewController.m */; };
		B56FBA5F1CE9C2C10024CB92 /* SearchViewController.m in Sources */ = {isa = PBXBuildFile; fileRef = B56FBA5E1CE9C2C10024CB92 /* SearchViewController.m */; };
		B56FBA741CE9E42A0024CB92 /* Parameters.plist in Resources */ = {isa = PBXBuildFile; fileRef = B56FBA731CE9E42A0024CB92 /* Parameters.plist */; };
		B572E5721CE2B68B00BB279A /* NewsBatch.m in Sources */ = {isa = PBXBuildFile; fileRef = B572E56E1CE2B68B00BB279A /* NewsBatch.m */; };
		B572E5731CE2B68B00BB279A /* NewsBatchCell.m in Sources */ = {isa = PBXBuildFile; fileRef = B572E5701CE2B68B00BB279A /* NewsBatchCell.m */; };
		B572E5741CE2B68B00BB279A /* NewsBatchCell.xib in Resources */ = {isa = PBXBuildFile; fileRef = B572E5711CE2B68B00BB279A /* NewsBatchCell.xib */; };
		B572E5771CE2B6FA00BB279A /* ToolBox.m in Sources */ = {isa = PBXBuildFile; fileRef = B572E5761CE2B6FA00BB279A /* ToolBox.m */; };
		B5ABF0B01CE1BF3B00F714CD /* MainViewController.m in Sources */ = {isa = PBXBuildFile; fileRef = B5ABF0AF1CE1BF3B00F714CD /* MainViewController.m */; };
		B5BC374C1CEB42D60003C8DC /* TopAnswerTableViewController.m in Sources */ = {isa = PBXBuildFile; fileRef = B5BC374B1CEB42D60003C8DC /* TopAnswerTableViewController.m */; };
		B5BC374F1CEB43240003C8DC /* TrendViewController.m in Sources */ = {isa = PBXBuildFile; fileRef = B5BC374E1CEB43240003C8DC /* TrendViewController.m */; };
		B5BC37521CEB43350003C8DC /* Polor7ViewController.m in Sources */ = {isa = PBXBuildFile; fileRef = B5BC37511CEB43350003C8DC /* Polor7ViewController.m */; };
		B5BC37551CEB434E0003C8DC /* DetailTableViewController.m in Sources */ = {isa = PBXBuildFile; fileRef = B5BC37541CEB434E0003C8DC /* DetailTableViewController.m */; };
		B5E784861CEC1190009276B1 /* UsrDetailCell.m in Sources */ = {isa = PBXBuildFile; fileRef = B5E784851CEC1190009276B1 /* UsrDetailCell.m */; };
/* End PBXBuildFile section */

/* Begin PBXFileReference section */
		7E361596DBFD1A1B0B433A9F /* Pods-KanZH.release.xcconfig */ = {isa = PBXFileReference; includeInIndex = 1; lastKnownFileType = text.xcconfig; name = "Pods-KanZH.release.xcconfig"; path = "Pods/Target Support Files/Pods-KanZH/Pods-KanZH.release.xcconfig"; sourceTree = "<group>"; };
		B11AE24776D429EAF3CB42C0 /* libPods-KanZH.a */ = {isa = PBXFileReference; explicitFileType = archive.ar; includeInIndex = 0; path = "libPods-KanZH.a"; sourceTree = BUILT_PRODUCTS_DIR; };
		B52DF7451CE6F86F00C8EFAD /* NewsAnswerViewController.h */ = {isa = PBXFileReference; fileEncoding = 4; lastKnownFileType = sourcecode.c.h; path = NewsAnswerViewController.h; sourceTree = "<group>"; };
		B52DF7461CE6F86F00C8EFAD /* NewsAnswerViewController.m */ = {isa = PBXFileReference; fileEncoding = 4; lastKnownFileType = sourcecode.c.objc; path = NewsAnswerViewController.m; sourceTree = "<group>"; };
		B52DF7481CE7042D00C8EFAD /* SideViewController.h */ = {isa = PBXFileReference; fileEncoding = 4; lastKnownFileType = sourcecode.c.h; path = SideViewController.h; sourceTree = "<group>"; };
		B52DF7491CE7042D00C8EFAD /* SideViewController.m */ = {isa = PBXFileReference; fileEncoding = 4; lastKnownFileType = sourcecode.c.objc; path = SideViewController.m; sourceTree = "<group>"; };
		B52DF74D1CE7114C00C8EFAD /* TopUserViewController.h */ = {isa = PBXFileReference; fileEncoding = 4; lastKnownFileType = sourcecode.c.h; path = TopUserViewController.h; sourceTree = "<group>"; };
		B52DF74E1CE7114C00C8EFAD /* TopUserViewController.m */ = {isa = PBXFileReference; fileEncoding = 4; lastKnownFileType = sourcecode.c.objc; path = TopUserViewController.m; sourceTree = "<group>"; };
		B52DF7511CE7117D00C8EFAD /* AboutViewController.h */ = {isa = PBXFileReference; fileEncoding = 4; lastKnownFileType = sourcecode.c.h; path = AboutViewController.h; sourceTree = "<group>"; };
		B52DF7521CE7117D00C8EFAD /* AboutViewController.m */ = {isa = PBXFileReference; fileEncoding = 4; lastKnownFileType = sourcecode.c.objc; path = AboutViewController.m; sourceTree = "<group>"; };
		B52DF7541CE729F900C8EFAD /* AboutItemViewController.h */ = {isa = PBXFileReference; fileEncoding = 4; lastKnownFileType = sourcecode.c.h; path = AboutItemViewController.h; sourceTree = "<group>"; };
		B52DF7551CE729F900C8EFAD /* AboutItemViewController.m */ = {isa = PBXFileReference; fileEncoding = 4; lastKnownFileType = sourcecode.c.objc; path = AboutItemViewController.m; sourceTree = "<group>"; };
		B52DF7571CE741B600C8EFAD /* UserCell.h */ = {isa = PBXFileReference; fileEncoding = 4; lastKnownFileType = sourcecode.c.h; path = UserCell.h; sourceTree = "<group>"; };
		B52DF7581CE741B600C8EFAD /* UserCell.m */ = {isa = PBXFileReference; fileEncoding = 4; lastKnownFileType = sourcecode.c.objc; path = UserCell.m; sourceTree = "<group>"; };
		B52DF7591CE741B600C8EFAD /* UserCell.xib */ = {isa = PBXFileReference; fileEncoding = 4; lastKnownFileType = file.xib; path = UserCell.xib; sourceTree = "<group>"; };
		B52DF75A1CE741B600C8EFAD /* UserDetail.h */ = {isa = PBXFileReference; fileEncoding = 4; lastKnownFileType = sourcecode.c.h; path = UserDetail.h; sourceTree = "<group>"; };
		B52DF75B1CE741B600C8EFAD /* UserDetail.m */ = {isa = PBXFileReference; fileEncoding = 4; lastKnownFileType = sourcecode.c.objc; path = UserDetail.m; sourceTree = "<group>"; };
		B52DF75C1CE741B600C8EFAD /* UserDetailCell.h */ = {isa = PBXFileReference; fileEncoding = 4; lastKnownFileType = sourcecode.c.h; path = UserDetailCell.h; sourceTree = "<group>"; };
		B52DF75D1CE741B600C8EFAD /* UserDetailCell.m */ = {isa = PBXFileReference; fileEncoding = 4; lastKnownFileType = sourcecode.c.objc; path = UserDetailCell.m; sourceTree = "<group>"; };
		B52DF75E1CE741B600C8EFAD /* UserDetailCell.xib */ = {isa = PBXFileReference; fileEncoding = 4; lastKnownFileType = file.xib; path = UserDetailCell.xib; sourceTree = "<group>"; };
		B52DF75F1CE741B600C8EFAD /* UserModel.h */ = {isa = PBXFileReference; fileEncoding = 4; lastKnownFileType = sourcecode.c.h; path = UserModel.h; sourceTree = "<group>"; };
		B52DF7601CE741B600C8EFAD /* UserModel.m */ = {isa = PBXFileReference; fileEncoding = 4; lastKnownFileType = sourcecode.c.objc; path = UserModel.m; sourceTree = "<group>"; };
		B52DF7611CE741B600C8EFAD /* UserSrch.h */ = {isa = PBXFileReference; fileEncoding = 4; lastKnownFileType = sourcecode.c.h; path = UserSrch.h; sourceTree = "<group>"; };
		B52DF7621CE741B600C8EFAD /* UserSrch.m */ = {isa = PBXFileReference; fileEncoding = 4; lastKnownFileType = sourcecode.c.objc; path = UserSrch.m; sourceTree = "<group>"; };
		B52DF7631CE741B600C8EFAD /* UserSrchCell.h */ = {isa = PBXFileReference; fileEncoding = 4; lastKnownFileType = sourcecode.c.h; path = UserSrchCell.h; sourceTree = "<group>"; };
		B52DF7641CE741B600C8EFAD /* UserSrchCell.m */ = {isa = PBXFileReference; fileEncoding = 4; lastKnownFileType = sourcecode.c.objc; path = UserSrchCell.m; sourceTree = "<group>"; };
		B52DF7651CE741B600C8EFAD /* UserSrchCell.xib */ = {isa = PBXFileReference; fileEncoding = 4; lastKnownFileType = file.xib; path = UserSrchCell.xib; sourceTree = "<group>"; };
		B52DF76F1CE7443200C8EFAD /* Polor7View.h */ = {isa = PBXFileReference; fileEncoding = 4; lastKnownFileType = sourcecode.c.h; path = Polor7View.h; sourceTree = "<group>"; };
		B52DF7701CE7443200C8EFAD /* Polor7View.m */ = {isa = PBXFileReference; fileEncoding = 4; lastKnownFileType = sourcecode.c.objc; path = Polor7View.m; sourceTree = "<group>"; };
		B52DF7711CE7443200C8EFAD /* TopAnswer.h */ = {isa = PBXFileReference; fileEncoding = 4; lastKnownFileType = sourcecode.c.h; path = TopAnswer.h; sourceTree = "<group>"; };
		B52DF7721CE7443200C8EFAD /* TopAnswer.m */ = {isa = PBXFileReference; fileEncoding = 4; lastKnownFileType = sourcecode.c.objc; path = TopAnswer.m; sourceTree = "<group>"; };
		B52DF7731CE7443200C8EFAD /* TopAnswerCell.h */ = {isa = PBXFileReference; fileEncoding = 4; lastKnownFileType = sourcecode.c.h; path = TopAnswerCell.h; sourceTree = "<group>"; };
		B52DF7741CE7443200C8EFAD /* TopAnswerCell.m */ = {isa = PBXFileReference; fileEncoding = 4; lastKnownFileType = sourcecode.c.objc; path = TopAnswerCell.m; sourceTree = "<group>"; };
		B52DF7751CE7443200C8EFAD /* TopAnswerCell.xib */ = {isa = PBXFileReference; fileEncoding = 4; lastKnownFileType = file.xib; path = TopAnswerCell.xib; sourceTree = "<group>"; };
		B52DF7761CE7443200C8EFAD /* TrendView.h */ = {isa = PBXFileReference; fileEncoding = 4; lastKnownFileType = sourcecode.c.h; path = TrendView.h; sourceTree = "<group>"; };
		B52DF7771CE7443200C8EFAD /* TrendView.m */ = {isa = PBXFileReference; fileEncoding = 4; lastKnownFileType = sourcecode.c.objc; path = TrendView.m; sourceTree = "<group>"; };
		B53AFAEC1CE40D4A00BA6E7E /* NewsCell.h */ = {isa = PBXFileReference; fileEncoding = 4; lastKnownFileType = sourcecode.c.h; path = NewsCell.h; sourceTree = "<group>"; };
		B53AFAED1CE40D4A00BA6E7E /* NewsCell.m */ = {isa = PBXFileReference; fileEncoding = 4; lastKnownFileType = sourcecode.c.objc; path = NewsCell.m; sourceTree = "<group>"; };
		B53AFAEE1CE40D4A00BA6E7E /* NewsCell.xib */ = {isa = PBXFileReference; fileEncoding = 4; lastKnownFileType = file.xib; path = NewsCell.xib; sourceTree = "<group>"; };
		B53AFAEF1CE40D4A00BA6E7E /* NewsModel.h */ = {isa = PBXFileReference; fileEncoding = 4; lastKnownFileType = sourcecode.c.h; path = NewsModel.h; sourceTree = "<group>"; };
		B53AFAF01CE40D4A00BA6E7E /* NewsModel.m */ = {isa = PBXFileReference; fileEncoding = 4; lastKnownFileType = sourcecode.c.objc; path = NewsModel.m; sourceTree = "<group>"; };
		B53AFAF41CE4160300BA6E7E /* NewsViewController.h */ = {isa = PBXFileReference; fileEncoding = 4; lastKnownFileType = sourcecode.c.h; path = NewsViewController.h; sourceTree = "<group>"; };
		B53AFAF51CE4160300BA6E7E /* NewsViewController.m */ = {isa = PBXFileReference; fileEncoding = 4; lastKnownFileType = sourcecode.c.objc; path = NewsViewController.m; sourceTree = "<group>"; };
		B53BEEE51CE15C7F00E4E1BA /* KanZH.app */ = {isa = PBXFileReference; explicitFileType = wrapper.application; includeInIndex = 0; path = KanZH.app; sourceTree = BUILT_PRODUCTS_DIR; };
		B53BEEE91CE15C8000E4E1BA /* main.m */ = {isa = PBXFileReference; lastKnownFileType = sourcecode.c.objc; path = main.m; sourceTree = "<group>"; };
		B53BEEEB1CE15C8000E4E1BA /* AppDelegate.h */ = {isa = PBXFileReference; lastKnownFileType = sourcecode.c.h; path = AppDelegate.h; sourceTree = "<group>"; };
		B53BEEEC1CE15C8000E4E1BA /* AppDelegate.m */ = {isa = PBXFileReference; lastKnownFileType = sourcecode.c.objc; path = AppDelegate.m; sourceTree = "<group>"; };
		B53BEEF41CE15C8000E4E1BA /* Assets.xcassets */ = {isa = PBXFileReference; lastKnownFileType = folder.assetcatalog; path = Assets.xcassets; sourceTree = "<group>"; };
		B53BEEF71CE15C8000E4E1BA /* Base */ = {isa = PBXFileReference; lastKnownFileType = file.storyboard; name = Base; path = Base.lproj/LaunchScreen.storyboard; sourceTree = "<group>"; };
		B53BEEF91CE15C8000E4E1BA /* Info.plist */ = {isa = PBXFileReference; lastKnownFileType = text.plist.xml; path = Info.plist; sourceTree = "<group>"; };
		B56FBA5A1CE9C2B00024CB92 /* UserViewController.h */ = {isa = PBXFileReference; fileEncoding = 4; lastKnownFileType = sourcecode.c.h; path = UserViewController.h; sourceTree = "<group>"; };
		B56FBA5B1CE9C2B00024CB92 /* UserViewController.m */ = {isa = PBXFileReference; fileEncoding = 4; lastKnownFileType = sourcecode.c.objc; path = UserViewController.m; sourceTree = "<group>"; };
		B56FBA5D1CE9C2C10024CB92 /* SearchViewController.h */ = {isa = PBXFileReference; fileEncoding = 4; lastKnownFileType = sourcecode.c.h; path = SearchViewController.h; sourceTree = "<group>"; };
		B56FBA5E1CE9C2C10024CB92 /* SearchViewController.m */ = {isa = PBXFileReference; fileEncoding = 4; lastKnownFileType = sourcecode.c.objc; path = SearchViewController.m; sourceTree = "<group>"; };
		B56FBA731CE9E42A0024CB92 /* Parameters.plist */ = {isa = PBXFileReference; fileEncoding = 4; lastKnownFileType = text.plist.xml; path = Parameters.plist; sourceTree = "<group>"; };
		B572E56D1CE2B68B00BB279A /* NewsBatch.h */ = {isa = PBXFileReference; fileEncoding = 4; lastKnownFileType = sourcecode.c.h; path = NewsBatch.h; sourceTree = "<group>"; };
		B572E56E1CE2B68B00BB279A /* NewsBatch.m */ = {isa = PBXFileReference; fileEncoding = 4; lastKnownFileType = sourcecode.c.objc; path = NewsBatch.m; sourceTree = "<group>"; };
		B572E56F1CE2B68B00BB279A /* NewsBatchCell.h */ = {isa = PBXFileReference; fileEncoding = 4; lastKnownFileType = sourcecode.c.h; path = NewsBatchCell.h; sourceTree = "<group>"; };
		B572E5701CE2B68B00BB279A /* NewsBatchCell.m */ = {isa = PBXFileReference; fileEncoding = 4; lastKnownFileType = sourcecode.c.objc; path = NewsBatchCell.m; sourceTree = "<group>"; };
		B572E5711CE2B68B00BB279A /* NewsBatchCell.xib */ = {isa = PBXFileReference; fileEncoding = 4; lastKnownFileType = file.xib; path = NewsBatchCell.xib; sourceTree = "<group>"; };
		B572E5751CE2B6FA00BB279A /* ToolBox.h */ = {isa = PBXFileReference; fileEncoding = 4; lastKnownFileType = sourcecode.c.h; path = ToolBox.h; sourceTree = "<group>"; };
		B572E5761CE2B6FA00BB279A /* ToolBox.m */ = {isa = PBXFileReference; fileEncoding = 4; lastKnownFileType = sourcecode.c.objc; path = ToolBox.m; sourceTree = "<group>"; };
		B5ABF0AB1CE1ADCC00F714CD /* PrefixHeader.pch */ = {isa = PBXFileReference; lastKnownFileType = sourcecode.c.h; path = PrefixHeader.pch; sourceTree = "<group>"; };
		B5ABF0AD1CE1AE0800F714CD /* Header.h */ = {isa = PBXFileReference; lastKnownFileType = sourcecode.c.h; path = Header.h; sourceTree = "<group>"; };
		B5ABF0AE1CE1BF3B00F714CD /* MainViewController.h */ = {isa = PBXFileReference; fileEncoding = 4; lastKnownFileType = sourcecode.c.h; path = MainViewController.h; sourceTree = "<group>"; };
		B5ABF0AF1CE1BF3B00F714CD /* MainViewController.m */ = {isa = PBXFileReference; fileEncoding = 4; lastKnownFileType = sourcecode.c.objc; path = MainViewController.m; sourceTree = "<group>"; };
		B5BC374A1CEB42D60003C8DC /* TopAnswerTableViewController.h */ = {isa = PBXFileReference; fileEncoding = 4; lastKnownFileType = sourcecode.c.h; path = TopAnswerTableViewController.h; sourceTree = "<group>"; };
		B5BC374B1CEB42D60003C8DC /* TopAnswerTableViewController.m */ = {isa = PBXFileReference; fileEncoding = 4; lastKnownFileType = sourcecode.c.objc; path = TopAnswerTableViewController.m; sourceTree = "<group>"; };
		B5BC374D1CEB43240003C8DC /* TrendViewController.h */ = {isa = PBXFileReference; fileEncoding = 4; lastKnownFileType = sourcecode.c.h; path = TrendViewController.h; sourceTree = "<group>"; };
		B5BC374E1CEB43240003C8DC /* TrendViewController.m */ = {isa = PBXFileReference; fileEncoding = 4; lastKnownFileType = sourcecode.c.objc; path = TrendViewController.m; sourceTree = "<group>"; };
		B5BC37501CEB43350003C8DC /* Polor7ViewController.h */ = {isa = PBXFileReference; fileEncoding = 4; lastKnownFileType = sourcecode.c.h; path = Polor7ViewController.h; sourceTree = "<group>"; };
		B5BC37511CEB43350003C8DC /* Polor7ViewController.m */ = {isa = PBXFileReference; fileEncoding = 4; lastKnownFileType = sourcecode.c.objc; path = Polor7ViewController.m; sourceTree = "<group>"; };
		B5BC37531CEB434E0003C8DC /* DetailTableViewController.h */ = {isa = PBXFileReference; fileEncoding = 4; lastKnownFileType = sourcecode.c.h; path = DetailTableViewController.h; sourceTree = "<group>"; };
		B5BC37541CEB434E0003C8DC /* DetailTableViewController.m */ = {isa = PBXFileReference; fileEncoding = 4; lastKnownFileType = sourcecode.c.objc; path = DetailTableViewController.m; sourceTree = "<group>"; };
		B5E784841CEC1190009276B1 /* UsrDetailCell.h */ = {isa = PBXFileReference; fileEncoding = 4; lastKnownFileType = sourcecode.c.h; path = UsrDetailCell.h; sourceTree = "<group>"; };
		B5E784851CEC1190009276B1 /* UsrDetailCell.m */ = {isa = PBXFileReference; fileEncoding = 4; lastKnownFileType = sourcecode.c.objc; path = UsrDetailCell.m; sourceTree = "<group>"; };
		BDBA7C0F41CD2F8F28CED61D /* Pods-KanZH.debug.xcconfig */ = {isa = PBXFileReference; includeInIndex = 1; lastKnownFileType = text.xcconfig; name = "Pods-KanZH.debug.xcconfig"; path = "Pods/Target Support Files/Pods-KanZH/Pods-KanZH.debug.xcconfig"; sourceTree = "<group>"; };
/* End PBXFileReference section */

/* Begin PBXFrameworksBuildPhase section */
		B53BEEE21CE15C7F00E4E1BA /* Frameworks */ = {
			isa = PBXFrameworksBuildPhase;
			buildActionMask = 2147483647;
			files = (
				7AEA918B26A1F13F8033C5A4 /* libPods-KanZH.a in Frameworks */,
			);
			runOnlyForDeploymentPostprocessing = 0;
		};
/* End PBXFrameworksBuildPhase section */

/* Begin PBXGroup section */
		5A243477533C85CF7E85DC69 /* Frameworks */ = {
			isa = PBXGroup;
			children = (
				B11AE24776D429EAF3CB42C0 /* libPods-KanZH.a */,
			);
			name = Frameworks;
			sourceTree = "<group>";
		};
		849EF519F5B50BA2D1DD9043 /* Pods */ = {
			isa = PBXGroup;
			children = (
				BDBA7C0F41CD2F8F28CED61D /* Pods-KanZH.debug.xcconfig */,
				7E361596DBFD1A1B0B433A9F /* Pods-KanZH.release.xcconfig */,
			);
			name = Pods;
			sourceTree = "<group>";
		};
		B52DF74B1CE710DF00C8EFAD /* news */ = {
			isa = PBXGroup;
			children = (
				B5ABF0AE1CE1BF3B00F714CD /* MainViewController.h */,
				B5ABF0AF1CE1BF3B00F714CD /* MainViewController.m */,
				B53AFAF41CE4160300BA6E7E /* NewsViewController.h */,
				B53AFAF51CE4160300BA6E7E /* NewsViewController.m */,
				B52DF7451CE6F86F00C8EFAD /* NewsAnswerViewController.h */,
				B52DF7461CE6F86F00C8EFAD /* NewsAnswerViewController.m */,
			);
			name = news;
			sourceTree = "<group>";
		};
		B52DF74C1CE710F200C8EFAD /* usr */ = {
			isa = PBXGroup;
			children = (
				B52DF74D1CE7114C00C8EFAD /* TopUserViewController.h */,
				B52DF74E1CE7114C00C8EFAD /* TopUserViewController.m */,
				B56FBA5D1CE9C2C10024CB92 /* SearchViewController.h */,
				B56FBA5E1CE9C2C10024CB92 /* SearchViewController.m */,
				B56FBA5A1CE9C2B00024CB92 /* UserViewController.h */,
				B56FBA5B1CE9C2B00024CB92 /* UserViewController.m */,
				B5BC37491CEB42850003C8DC /* detail */,
			);
			name = usr;
			sourceTree = "<group>";
		};
		B52DF7501CE7116B00C8EFAD /* about */ = {
			isa = PBXGroup;
			children = (
				B52DF7511CE7117D00C8EFAD /* AboutViewController.h */,
				B52DF7521CE7117D00C8EFAD /* AboutViewController.m */,
				B52DF7541CE729F900C8EFAD /* AboutItemViewController.h */,
				B52DF7551CE729F900C8EFAD /* AboutItemViewController.m */,
			);
			name = about;
			sourceTree = "<group>";
		};
		B53BEEDC1CE15C7F00E4E1BA = {
			isa = PBXGroup;
			children = (
				B53BEEE71CE15C8000E4E1BA /* KanZH */,
				B53BEEE61CE15C7F00E4E1BA /* Products */,
				849EF519F5B50BA2D1DD9043 /* Pods */,
				5A243477533C85CF7E85DC69 /* Frameworks */,
			);
			sourceTree = "<group>";
		};
		B53BEEE61CE15C7F00E4E1BA /* Products */ = {
			isa = PBXGroup;
			children = (
				B53BEEE51CE15C7F00E4E1BA /* KanZH.app */,
			);
			name = Products;
			sourceTree = "<group>";
		};
		B53BEEE71CE15C8000E4E1BA /* KanZH */ = {
			isa = PBXGroup;
			children = (
				B5ABF0AA1CE1ADA900F714CD /* tools */,
				B53BEEFF1CE15CCF00E4E1BA /* model */,
				B53BEF001CE15CDB00E4E1BA /* view */,
				B53BEF011CE15CE700E4E1BA /* controller */,
				B53BEEEB1CE15C8000E4E1BA /* AppDelegate.h */,
				B53BEEEC1CE15C8000E4E1BA /* AppDelegate.m */,
				B52DF7481CE7042D00C8EFAD /* SideViewController.h */,
				B52DF7491CE7042D00C8EFAD /* SideViewController.m */,
				B53BEEF41CE15C8000E4E1BA /* Assets.xcassets */,
				B53BEEF61CE15C8000E4E1BA /* LaunchScreen.storyboard */,
				B53BEEF91CE15C8000E4E1BA /* Info.plist */,
				B53BEEE81CE15C8000E4E1BA /* Supporting Files */,
			);
			path = KanZH;
			sourceTree = "<group>";
		};
		B53BEEE81CE15C8000E4E1BA /* Supporting Files */ = {
			isa = PBXGroup;
			children = (
				B53BEEE91CE15C8000E4E1BA /* main.m */,
			);
			name = "Supporting Files";
			sourceTree = "<group>";
		};
		B53BEEFF1CE15CCF00E4E1BA /* model */ = {
			isa = PBXGroup;
			children = (
				B572E56D1CE2B68B00BB279A /* NewsBatch.h */,
				B572E56E1CE2B68B00BB279A /* NewsBatch.m */,
				B53AFAEF1CE40D4A00BA6E7E /* NewsModel.h */,
				B53AFAF01CE40D4A00BA6E7E /* NewsModel.m */,
				B52DF75F1CE741B600C8EFAD /* UserModel.h */,
				B52DF7601CE741B600C8EFAD /* UserModel.m */,
				B52DF75A1CE741B600C8EFAD /* UserDetail.h */,
				B52DF75B1CE741B600C8EFAD /* UserDetail.m */,
				B52DF7611CE741B600C8EFAD /* UserSrch.h */,
				B52DF7621CE741B600C8EFAD /* UserSrch.m */,
				B52DF7711CE7443200C8EFAD /* TopAnswer.h */,
				B52DF7721CE7443200C8EFAD /* TopAnswer.m */,
			);
			name = model;
			sourceTree = "<group>";
		};
		B53BEF001CE15CDB00E4E1BA /* view */ = {
			isa = PBXGroup;
			children = (
				B572E56F1CE2B68B00BB279A /* NewsBatchCell.h */,
				B572E5701CE2B68B00BB279A /* NewsBatchCell.m */,
				B572E5711CE2B68B00BB279A /* NewsBatchCell.xib */,
				B53AFAEC1CE40D4A00BA6E7E /* NewsCell.h */,
				B53AFAED1CE40D4A00BA6E7E /* NewsCell.m */,
				B53AFAEE1CE40D4A00BA6E7E /* NewsCell.xib */,
				B52DF7571CE741B600C8EFAD /* UserCell.h */,
				B52DF7581CE741B600C8EFAD /* UserCell.m */,
				B52DF7591CE741B600C8EFAD /* UserCell.xib */,
				B52DF75C1CE741B600C8EFAD /* UserDetailCell.h */,
				B52DF75D1CE741B600C8EFAD /* UserDetailCell.m */,
				B52DF75E1CE741B600C8EFAD /* UserDetailCell.xib */,
				B52DF7631CE741B600C8EFAD /* UserSrchCell.h */,
				B52DF7641CE741B600C8EFAD /* UserSrchCell.m */,
				B52DF7651CE741B600C8EFAD /* UserSrchCell.xib */,
				B52DF76F1CE7443200C8EFAD /* Polor7View.h */,
				B52DF7701CE7443200C8EFAD /* Polor7View.m */,
				B52DF7731CE7443200C8EFAD /* TopAnswerCell.h */,
				B52DF7741CE7443200C8EFAD /* TopAnswerCell.m */,
				B52DF7751CE7443200C8EFAD /* TopAnswerCell.xib */,
				B52DF7761CE7443200C8EFAD /* TrendView.h */,
				B52DF7771CE7443200C8EFAD /* TrendView.m */,
				B5E784841CEC1190009276B1 /* UsrDetailCell.h */,
				B5E784851CEC1190009276B1 /* UsrDetailCell.m */,
			);
			name = view;
			sourceTree = "<group>";
		};
		B53BEF011CE15CE700E4E1BA /* controller */ = {
			isa = PBXGroup;
			children = (
				B52DF74B1CE710DF00C8EFAD /* news */,
				B52DF74C1CE710F200C8EFAD /* usr */,
				B52DF7501CE7116B00C8EFAD /* about */,
			);
			name = controller;
			sourceTree = "<group>";
		};
		B5ABF0AA1CE1ADA900F714CD /* tools */ = {
			isa = PBXGroup;
			children = (
				B5ABF0AD1CE1AE0800F714CD /* Header.h */,
				B572E5751CE2B6FA00BB279A /* ToolBox.h */,
				B572E5761CE2B6FA00BB279A /* ToolBox.m */,
				B5ABF0AB1CE1ADCC00F714CD /* PrefixHeader.pch */,
				B56FBA731CE9E42A0024CB92 /* Parameters.plist */,
			);
			name = tools;
			sourceTree = "<group>";
		};
		B5BC37491CEB42850003C8DC /* detail */ = {
			isa = PBXGroup;
			children = (
				B5BC374A1CEB42D60003C8DC /* TopAnswerTableViewController.h */,
				B5BC374B1CEB42D60003C8DC /* TopAnswerTableViewController.m */,
				B5BC374D1CEB43240003C8DC /* TrendViewController.h */,
				B5BC374E1CEB43240003C8DC /* TrendViewController.m */,
				B5BC37501CEB43350003C8DC /* Polor7ViewController.h */,
				B5BC37511CEB43350003C8DC /* Polor7ViewController.m */,
				B5BC37531CEB434E0003C8DC /* DetailTableViewController.h */,
				B5BC37541CEB434E0003C8DC /* DetailTableViewController.m */,
			);
			name = detail;
			sourceTree = "<group>";
		};
/* End PBXGroup section */

/* Begin PBXNativeTarget section */
		B53BEEE41CE15C7F00E4E1BA /* KanZH */ = {
			isa = PBXNativeTarget;
			buildConfigurationList = B53BEEFC1CE15C8000E4E1BA /* Build configuration list for PBXNativeTarget "KanZH" */;
			buildPhases = (
				5B5FD1C5BD6114EEE519B6A5 /* Check Pods Manifest.lock */,
				B53BEEE11CE15C7F00E4E1BA /* Sources */,
				B53BEEE21CE15C7F00E4E1BA /* Frameworks */,
				B53BEEE31CE15C7F00E4E1BA /* Resources */,
				560F818D4AD014E4272C2B74 /* Embed Pods Frameworks */,
				A73BBD4F6C9737B2C996C7AC /* Copy Pods Resources */,
			);
			buildRules = (
			);
			dependencies = (
			);
			name = KanZH;
			productName = KanZH;
			productReference = B53BEEE51CE15C7F00E4E1BA /* KanZH.app */;
			productType = "com.apple.product-type.application";
		};
/* End PBXNativeTarget section */

/* Begin PBXProject section */
		B53BEEDD1CE15C7F00E4E1BA /* Project object */ = {
			isa = PBXProject;
			attributes = {
				LastUpgradeCheck = 0730;
				ORGANIZATIONNAME = SW05;
				TargetAttributes = {
					B53BEEE41CE15C7F00E4E1BA = {
						CreatedOnToolsVersion = 7.3;
						DevelopmentTeam = R82F85QWZH;
					};
				};
			};
			buildConfigurationList = B53BEEE01CE15C7F00E4E1BA /* Build configuration list for PBXProject "KanZH" */;
			compatibilityVersion = "Xcode 3.2";
			developmentRegion = English;
			hasScannedForEncodings = 0;
			knownRegions = (
				en,
				Base,
			);
			mainGroup = B53BEEDC1CE15C7F00E4E1BA;
			productRefGroup = B53BEEE61CE15C7F00E4E1BA /* Products */;
			projectDirPath = "";
			projectRoot = "";
			targets = (
				B53BEEE41CE15C7F00E4E1BA /* KanZH */,
			);
		};
/* End PBXProject section */

/* Begin PBXResourcesBuildPhase section */
		B53BEEE31CE15C7F00E4E1BA /* Resources */ = {
			isa = PBXResourcesBuildPhase;
			buildActionMask = 2147483647;
			files = (
				B53BEEF81CE15C8000E4E1BA /* LaunchScreen.storyboard in Resources */,
				B53BEEF51CE15C8000E4E1BA /* Assets.xcassets in Resources */,
				B52DF76E1CE741B600C8EFAD /* UserSrchCell.xib in Resources */,
				B53AFAF21CE40D4A00BA6E7E /* NewsCell.xib in Resources */,
				B56FBA741CE9E42A0024CB92 /* Parameters.plist in Resources */,
				B52DF76A1CE741B600C8EFAD /* UserDetailCell.xib in Resources */,
				B52DF77B1CE7443200C8EFAD /* TopAnswerCell.xib in Resources */,
				B572E5741CE2B68B00BB279A /* NewsBatchCell.xib in Resources */,
				B52DF7671CE741B600C8EFAD /* UserCell.xib in Resources */,
			);
			runOnlyForDeploymentPostprocessing = 0;
		};
/* End PBXResourcesBuildPhase section */

/* Begin PBXShellScriptBuildPhase section */
		560F818D4AD014E4272C2B74 /* Embed Pods Frameworks */ = {
			isa = PBXShellScriptBuildPhase;
			buildActionMask = 2147483647;
			files = (
			);
			inputPaths = (
			);
			name = "Embed Pods Frameworks";
			outputPaths = (
			);
			runOnlyForDeploymentPostprocessing = 0;
			shellPath = /bin/sh;
			shellScript = "\"${SRCROOT}/Pods/Target Support Files/Pods-KanZH/Pods-KanZH-frameworks.sh\"\n";
			showEnvVarsInLog = 0;
		};
		5B5FD1C5BD6114EEE519B6A5 /* Check Pods Manifest.lock */ = {
			isa = PBXShellScriptBuildPhase;
			buildActionMask = 2147483647;
			files = (
			);
			inputPaths = (
			);
			name = "Check Pods Manifest.lock";
			outputPaths = (
			);
			runOnlyForDeploymentPostprocessing = 0;
			shellPath = /bin/sh;
			shellScript = "diff \"${PODS_ROOT}/../Podfile.lock\" \"${PODS_ROOT}/Manifest.lock\" > /dev/null\nif [[ $? != 0 ]] ; then\n    cat << EOM\nerror: The sandbox is not in sync with the Podfile.lock. Run 'pod install' or update your CocoaPods installation.\nEOM\n    exit 1\nfi\n";
			showEnvVarsInLog = 0;
		};
		A73BBD4F6C9737B2C996C7AC /* Copy Pods Resources */ = {
			isa = PBXShellScriptBuildPhase;
			buildActionMask = 2147483647;
			files = (
			);
			inputPaths = (
			);
			name = "Copy Pods Resources";
			outputPaths = (
			);
			runOnlyForDeploymentPostprocessing = 0;
			shellPath = /bin/sh;
			shellScript = "\"${SRCROOT}/Pods/Target Support Files/Pods-KanZH/Pods-KanZH-resources.sh\"\n";
			showEnvVarsInLog = 0;
		};
/* End PBXShellScriptBuildPhase section */

/* Begin PBXSourcesBuildPhase section */
		B53BEEE11CE15C7F00E4E1BA /* Sources */ = {
			isa = PBXSourcesBuildPhase;
			buildActionMask = 2147483647;
			files = (
				B5BC37551CEB434E0003C8DC /* DetailTableViewController.m in Sources */,
				B5BC374F1CEB43240003C8DC /* TrendViewController.m in Sources */,
				B52DF77A1CE7443200C8EFAD /* TopAnswerCell.m in Sources */,
				B53BEEED1CE15C8000E4E1BA /* AppDelegate.m in Sources */,
				B53AFAF11CE40D4A00BA6E7E /* NewsCell.m in Sources */,
				B52DF7691CE741B600C8EFAD /* UserDetailCell.m in Sources */,
				B52DF76C1CE741B600C8EFAD /* UserSrch.m in Sources */,
				B52DF7781CE7443200C8EFAD /* Polor7View.m in Sources */,
				B52DF7471CE6F86F00C8EFAD /* NewsAnswerViewController.m in Sources */,
				B52DF74F1CE7114C00C8EFAD /* TopUserViewController.m in Sources */,
				B53BEEEA1CE15C8000E4E1BA /* main.m in Sources */,
				B5BC374C1CEB42D60003C8DC /* TopAnswerTableViewController.m in Sources */,
				B52DF7561CE729F900C8EFAD /* AboutItemViewController.m in Sources */,
				B52DF7791CE7443200C8EFAD /* TopAnswer.m in Sources */,
				B52DF76D1CE741B600C8EFAD /* UserSrchCell.m in Sources */,
				B53AFAF31CE40D4A00BA6E7E /* NewsModel.m in Sources */,
				B52DF76B1CE741B600C8EFAD /* UserModel.m in Sources */,
				B56FBA5F1CE9C2C10024CB92 /* SearchViewController.m in Sources */,
				B52DF77C1CE7443200C8EFAD /* TrendView.m in Sources */,
				B572E5771CE2B6FA00BB279A /* ToolBox.m in Sources */,
				B56FBA5C1CE9C2B00024CB92 /* UserViewController.m in Sources */,
				B572E5731CE2B68B00BB279A /* NewsBatchCell.m in Sources */,
				B52DF7681CE741B600C8EFAD /* UserDetail.m in Sources */,
				B53AFAF61CE4160300BA6E7E /* NewsViewController.m in Sources */,
				B5E784861CEC1190009276B1 /* UsrDetailCell.m in Sources */,
				B52DF74A1CE7042D00C8EFAD /* SideViewController.m in Sources */,
				B572E5721CE2B68B00BB279A /* NewsBatch.m in Sources */,
				B52DF7531CE7117D00C8EFAD /* AboutViewController.m in Sources */,
				B52DF7661CE741B600C8EFAD /* UserCell.m in Sources */,
				B5ABF0B01CE1BF3B00F714CD /* MainViewController.m in Sources */,
				B5BC37521CEB43350003C8DC /* Polor7ViewController.m in Sources */,
			);
			runOnlyForDeploymentPostprocessing = 0;
		};
/* End PBXSourcesBuildPhase section */

/* Begin PBXVariantGroup section */
		B53BEEF61CE15C8000E4E1BA /* LaunchScreen.storyboard */ = {
			isa = PBXVariantGroup;
			children = (
				B53BEEF71CE15C8000E4E1BA /* Base */,
			);
			name = LaunchScreen.storyboard;
			sourceTree = "<group>";
		};
/* End PBXVariantGroup section */

/* Begin XCBuildConfiguration section */
		B53BEEFA1CE15C8000E4E1BA /* Debug */ = {
			isa = XCBuildConfiguration;
			buildSettings = {
				ALWAYS_SEARCH_USER_PATHS = NO;
				CLANG_ANALYZER_NONNULL = YES;
				CLANG_CXX_LANGUAGE_STANDARD = "gnu++0x";
				CLANG_CXX_LIBRARY = "libc++";
				CLANG_ENABLE_MODULES = YES;
				CLANG_ENABLE_OBJC_ARC = YES;
				CLANG_WARN_BOOL_CONVERSION = YES;
				CLANG_WARN_CONSTANT_CONVERSION = YES;
				CLANG_WARN_DIRECT_OBJC_ISA_USAGE = YES_ERROR;
				CLANG_WARN_EMPTY_BODY = YES;
				CLANG_WARN_ENUM_CONVERSION = YES;
				CLANG_WARN_INT_CONVERSION = YES;
				CLANG_WARN_OBJC_ROOT_CLASS = YES_ERROR;
				CLANG_WARN_UNREACHABLE_CODE = YES;
				CLANG_WARN__DUPLICATE_METHOD_MATCH = YES;
				"CODE_SIGN_IDENTITY[sdk=iphoneos*]" = "iPhone Developer";
				COPY_PHASE_STRIP = NO;
				DEBUG_INFORMATION_FORMAT = dwarf;
				ENABLE_STRICT_OBJC_MSGSEND = YES;
				ENABLE_TESTABILITY = YES;
				GCC_C_LANGUAGE_STANDARD = gnu99;
				GCC_DYNAMIC_NO_PIC = NO;
				GCC_NO_COMMON_BLOCKS = YES;
				GCC_OPTIMIZATION_LEVEL = 0;
				GCC_PREPROCESSOR_DEFINITIONS = (
					"DEBUG=1",
					"$(inherited)",
				);
				GCC_WARN_64_TO_32_BIT_CONVERSION = YES;
				GCC_WARN_ABOUT_RETURN_TYPE = YES_ERROR;
				GCC_WARN_UNDECLARED_SELECTOR = YES;
				GCC_WARN_UNINITIALIZED_AUTOS = YES_AGGRESSIVE;
				GCC_WARN_UNUSED_FUNCTION = YES;
				GCC_WARN_UNUSED_VARIABLE = YES;
				IPHONEOS_DEPLOYMENT_TARGET = 9.3;
				MTL_ENABLE_DEBUG_INFO = YES;
				ONLY_ACTIVE_ARCH = YES;
				SDKROOT = iphoneos;
			};
			name = Debug;
		};
		B53BEEFB1CE15C8000E4E1BA /* Release */ = {
			isa = XCBuildConfiguration;
			buildSettings = {
				ALWAYS_SEARCH_USER_PATHS = NO;
				CLANG_ANALYZER_NONNULL = YES;
				CLANG_CXX_LANGUAGE_STANDARD = "gnu++0x";
				CLANG_CXX_LIBRARY = "libc++";
				CLANG_ENABLE_MODULES = YES;
				CLANG_ENABLE_OBJC_ARC = YES;
				CLANG_WARN_BOOL_CONVERSION = YES;
				CLANG_WARN_CONSTANT_CONVERSION = YES;
				CLANG_WARN_DIRECT_OBJC_ISA_USAGE = YES_ERROR;
				CLANG_WARN_EMPTY_BODY = YES;
				CLANG_WARN_ENUM_CONVERSION = YES;
				CLANG_WARN_INT_CONVERSION = YES;
				CLANG_WARN_OBJC_ROOT_CLASS = YES_ERROR;
				CLANG_WARN_UNREACHABLE_CODE = YES;
				CLANG_WARN__DUPLICATE_METHOD_MATCH = YES;
				"CODE_SIGN_IDENTITY[sdk=iphoneos*]" = "iPhone Developer";
				COPY_PHASE_STRIP = NO;
				DEBUG_INFORMATION_FORMAT = "dwarf-with-dsym";
				ENABLE_NS_ASSERTIONS = NO;
				ENABLE_STRICT_OBJC_MSGSEND = YES;
				GCC_C_LANGUAGE_STANDARD = gnu99;
				GCC_NO_COMMON_BLOCKS = YES;
				GCC_WARN_64_TO_32_BIT_CONVERSION = YES;
				GCC_WARN_ABOUT_RETURN_TYPE = YES_ERROR;
				GCC_WARN_UNDECLARED_SELECTOR = YES;
				GCC_WARN_UNINITIALIZED_AUTOS = YES_AGGRESSIVE;
				GCC_WARN_UNUSED_FUNCTION = YES;
				GCC_WARN_UNUSED_VARIABLE = YES;
				IPHONEOS_DEPLOYMENT_TARGET = 9.3;
				MTL_ENABLE_DEBUG_INFO = NO;
				SDKROOT = iphoneos;
				VALIDATE_PRODUCT = YES;
			};
			name = Release;
		};
		B53BEEFD1CE15C8000E4E1BA /* Debug */ = {
			isa = XCBuildConfiguration;
			baseConfigurationReference = BDBA7C0F41CD2F8F28CED61D /* Pods-KanZH.debug.xcconfig */;
			buildSettings = {
				ASSETCATALOG_COMPILER_APPICON_NAME = AppIcon;
				CODE_SIGN_IDENTITY = "iPhone Developer";
				"CODE_SIGN_IDENTITY[sdk=iphoneos*]" = "iPhone Developer";
				INFOPLIST_FILE = KanZH/Info.plist;
				LD_RUNPATH_SEARCH_PATHS = "$(inherited) @executable_path/Frameworks";
				PRODUCT_BUNDLE_IDENTIFIER = com.timeGlass.KanZH;
				PRODUCT_NAME = "$(TARGET_NAME)";
				PROVISIONING_PROFILE = "";
			};
			name = Debug;
		};
		B53BEEFE1CE15C8000E4E1BA /* Release */ = {
			isa = XCBuildConfiguration;
			baseConfigurationReference = 7E361596DBFD1A1B0B433A9F /* Pods-KanZH.release.xcconfig */;
			buildSettings = {
				ASSETCATALOG_COMPILER_APPICON_NAME = AppIcon;
				CODE_SIGN_IDENTITY = "iPhone Developer";
				"CODE_SIGN_IDENTITY[sdk=iphoneos*]" = "iPhone Developer";
				INFOPLIST_FILE = KanZH/Info.plist;
				LD_RUNPATH_SEARCH_PATHS = "$(inherited) @executable_path/Frameworks";
				PRODUCT_BUNDLE_IDENTIFIER = com.timeGlass.KanZH;
				PRODUCT_NAME = "$(TARGET_NAME)";
				PROVISIONING_PROFILE = "";
			};
			name = Release;
		};
/* End XCBuildConfiguration section */

/* Begin XCConfigurationList section */
		B53BEEE01CE15C7F00E4E1BA /* Build configuration list for PBXProject "KanZH" */ = {
			isa = XCConfigurationList;
			buildConfigurations = (
				B53BEEFA1CE15C8000E4E1BA /* Debug */,
				B53BEEFB1CE15C8000E4E1BA /* Release */,
			);
			defaultConfigurationIsVisible = 0;
			defaultConfigurationName = Release;
		};
		B53BEEFC1CE15C8000E4E1BA /* Build configuration list for PBXNativeTarget "KanZH" */ = {
			isa = XCConfigurationList;
			buildConfigurations = (
				B53BEEFD1CE15C8000E4E1BA /* Debug */,
				B53BEEFE1CE15C8000E4E1BA /* Release */,
			);
			defaultConfigurationIsVisible = 0;
			defaultConfigurationName = Release;
		};
/* End XCConfigurationList section */
	};
	rootObject = B53BEEDD1CE15C7F00E4E1BA /* Project object */;
}
